{
  "name": "librevote-client",
  "version": "0.1.0",
  "lockfileVersion": 2,
  "requires": true,
  "packages": {
    "": {
      "name": "librevote-client",
      "version": "0.1.0",
      "license": "ISC",
      "dependencies": {
        "@fontsource/inter": "^4.5.14",
        "@fontsource/overlock": "^4.5.9",
        "twemoji-colr-font": "^14.0.2"
      },
      "devDependencies": {
        "@tsconfig/strictest": "^1.0.2",
        "typescript": "^4.8.4"
      }
    },
    "node_modules/@fontsource/inter": {
      "version": "4.5.14",
      "resolved": "https://registry.npmjs.org/@fontsource/inter/-/inter-4.5.14.tgz",
      "integrity": "sha512-JDC9AocdPLuGsASkvWw9hS5gtHE7K9dOwL98XLrk5yjYqxy4uVnScG58NUvFMJDVJRl/7c8Wnap6PEs+7Zvj1Q=="
    },
    "node_modules/@fontsource/overlock": {
      "version": "4.5.9",
      "resolved": "https://registry.npmjs.org/@fontsource/overlock/-/overlock-4.5.9.tgz",
      "integrity": "sha512-iYS1j/OsAjuOWc79zmUx46Kd/36x300JcAZUHJNn4hAF2UZPjn/N8kRP13Ou2xjRbHBY7T9dCmhaK+kWtY6RtQ=="
    },
    "node_modules/@tsconfig/strictest": {
      "version": "1.0.2",
      "resolved": "https://registry.npmjs.org/@tsconfig/strictest/-/strictest-1.0.2.tgz",
      "integrity": "sha512-IRKlC8cnP7zMz1SDBjyIVyPapkEGWLZ6wkF6Z8T+xU80P9sO5uGXlIUvtzjx+7ehPJRWxkB6CeIDwUfyqNtYkQ==",
      "dev": true
    },
    "node_modules/twemoji-colr-font": {
      "version": "14.0.2",
      "resolved": "https://registry.npmjs.org/twemoji-colr-font/-/twemoji-colr-font-14.0.2.tgz",
      "integrity": "sha512-AVuNSlRkqBLaRJb/n0w1Ubw3IXQlikxSmeBo0uY1tuAIF1UpdBX70pvDoqVS2KVoYNfOMHcGaMokjjuOhlygGg=="
    },
    "node_modules/typescript": {
      "version": "4.8.4",
      "resolved": "https://registry.npmjs.org/typescript/-/typescript-4.8.4.tgz",
      "integrity": "sha512-QCh+85mCy+h0IGff8r5XWzOVSbBO+KfeYrMQh7NJ58QujwcE22u+NUSmUxqF+un70P9GXKxa2HCNiTTMJknyjQ==",
      "dev": true,
      "bin": {
        "tsc": "bin/tsc",
        "tsserver": "bin/tsserver"
      },
      "engines": {
        "node": ">=4.2.0"
      }
    }
  },
  "dependencies": {
    "@fontsource/inter": {
      "version": "4.5.14",
      "resolved": "https://registry.npmjs.org/@fontsource/inter/-/inter-4.5.14.tgz",
      "integrity": "sha512-JDC9AocdPLuGsASkvWw9hS5gtHE7K9dOwL98XLrk5yjYqxy4uVnScG58NUvFMJDVJRl/7c8Wnap6PEs+7Zvj1Q=="
    },
    "@fontsource/overlock": {
      "version": "4.5.9",
      "resolved": "https://registry.npmjs.org/@fontsource/overlock/-/overlock-4.5.9.tgz",
      "integrity": "sha512-iYS1j/OsAjuOWc79zmUx46Kd/36x300JcAZUHJNn4hAF2UZPjn/N8kRP13Ou2xjRbHBY7T9dCmhaK+kWtY6RtQ=="
    },
    "@tsconfig/strictest": {
      "version": "1.0.2",
      "resolved": "https://registry.npmjs.org/@tsconfig/strictest/-/strictest-1.0.2.tgz",
      "integrity": "sha512-IRKlC8cnP7zMz1SDBjyIVyPapkEGWLZ6wkF6Z8T+xU80P9sO5uGXlIUvtzjx+7ehPJRWxkB6CeIDwUfyqNtYkQ==",
      "dev": true
    },
    "twemoji-colr-font": {
      "version": "14.0.2",
      "resolved": "https://registry.npmjs.org/twemoji-colr-font/-/twemoji-colr-font-14.0.2.tgz",
      "integrity": "sha512-AVuNSlRkqBLaRJb/n0w1Ubw3IXQlikxSmeBo0uY1tuAIF1UpdBX70pvDoqVS2KVoYNfOMHcGaMokjjuOhlygGg=="
    },
    "typescript": {
      "version": "4.8.4",
      "resolved": "https://registry.npmjs.org/typescript/-/typescript-4.8.4.tgz",
      "integrity": "sha512-QCh+85mCy+h0IGff8r5XWzOVSbBO+KfeYrMQh7NJ58QujwcE22u+NUSmUxqF+un70P9GXKxa2HCNiTTMJknyjQ==",
      "dev": true
    }
  }
}
